
Microsoft Visual Studio Solution File, Format Version 12.00
# Visual Studio Version 17
VisualStudioVersion = 17.9.34728.123
MinimumVisualStudioVersion = 10.0.40219.1
Project("{9A19103F-16F7-4668-BE54-9A1E7A4F7556}") = "BrewLab.Models", "BrewLab.Models\BrewLab.Models.csproj", "{76335567-93E6-4834-A300-569F5F6853DF}"
EndProject
Project("{9A19103F-16F7-4668-BE54-9A1E7A4F7556}") = "BrewLab.Common", "BrewLab.Common\BrewLab.Common.csproj", "{0533473C-A362-4E3B-AC0E-2EAF43F340EA}"
EndProject
Project("{9A19103F-16F7-4668-BE54-9A1E7A4F7556}") = "BrewLab.Web", "BrewLab.Web\BrewLab.Web.csproj", "{C3773677-BA6E-4AC2-B5D5-01241A241FE3}"
EndProject
Project("{9A19103F-16F7-4668-BE54-9A1E7A4F7556}") = "BrewLab.Services", "BrewLab.Services\BrewLab.Services.csproj", "{96B4BAB9-69CD-49E9-B417-7B851199DBE8}"
EndProject
Global
	GlobalSection(SolutionConfigurationPlatforms) = preSolution
		Debug|Any CPU = Debug|Any CPU
		Release|Any CPU = Release|Any CPU
	EndGlobalSection
	GlobalSection(ProjectConfigurationPlatforms) = postSolution
		{76335567-93E6-4834-A300-569F5F6853DF}.Debug|Any CPU.ActiveCfg = Debug|Any CPU
		{76335567-93E6-4834-A300-569F5F6853DF}.Debug|Any CPU.Build.0 = Debug|Any CPU
		{76335567-93E6-4834-A300-569F5F6853DF}.Release|Any CPU.ActiveCfg = Release|Any CPU
		{76335567-93E6-4834-A300-569F5F6853DF}.Release|Any CPU.Build.0 = Release|Any CPU
		{0533473C-A362-4E3B-AC0E-2EAF43F340EA}.Debug|Any CPU.ActiveCfg = Debug|Any CPU
		{0533473C-A362-4E3B-AC0E-2EAF43F340EA}.Debug|Any CPU.Build.0 = Debug|Any CPU
		{0533473C-A362-4E3B-AC0E-2EAF43F340EA}.Release|Any CPU.ActiveCfg = Release|Any CPU
		{0533473C-A362-4E3B-AC0E-2EAF43F340EA}.Release|Any CPU.Build.0 = Release|Any CPU
		{C3773677-BA6E-4AC2-B5D5-01241A241FE3}.Debug|Any CPU.ActiveCfg = Debug|Any CPU
		{C3773677-BA6E-4AC2-B5D5-01241A241FE3}.Debug|Any CPU.Build.0 = Debug|Any CPU
		{C3773677-BA6E-4AC2-B5D5-01241A241FE3}.Release|Any CPU.ActiveCfg = Release|Any CPU
		{C3773677-BA6E-4AC2-B5D5-01241A241FE3}.Release|Any CPU.Build.0 = Release|Any CPU
		{96B4BAB9-69CD-49E9-B417-7B851199DBE8}.Debug|Any CPU.ActiveCfg = Debug|Any CPU
		{96B4BAB9-69CD-49E9-B417-7B851199DBE8}.Debug|Any CPU.Build.0 = Debug|Any CPU
		{96B4BAB9-69CD-49E9-B417-7B851199DBE8}.Release|Any CPU.ActiveCfg = Release|Any CPU
		{96B4BAB9-69CD-49E9-B417-7B851199DBE8}.Release|Any CPU.Build.0 = Release|Any CPU
	EndGlobalSection
	GlobalSection(SolutionProperties) = preSolution
		HideSolutionNode = FALSE
	EndGlobalSection
	GlobalSection(ExtensibilityGlobals) = postSolution
		SolutionGuid = {E72D223B-541D-496D-99AE-3EDAA05F43BB}
	EndGlobalSection
EndGlobal
