
Microsoft Visual Studio Solution File, Format Version 12.00
# Visual Studio Version 17
VisualStudioVersion = 17.9.34728.123
MinimumVisualStudioVersion = 10.0.40219.1
Project("{FAE04EC0-301F-11D3-BF4B-00C04F79EFBC}") = "BrewLab.API", "BrewLab\BrewLab.API.csproj", "{2DF2E3C5-6ACE-4EB3-8128-8EB90057C7DA}"
EndProject
Project("{FAE04EC0-301F-11D3-BF4B-00C04F79EFBC}") = "BrewLab.Models", "BrewLab.Models\BrewLab.Models.csproj", "{76335567-93E6-4834-A300-569F5F6853DF}"
EndProject
Project("{FAE04EC0-301F-11D3-BF4B-00C04F79EFBC}") = "BrewLab.Repository", "Repository\BrewLab.Repository.csproj", "{1AAE0527-6533-466E-8B7F-54842E132076}"
EndProject
Project("{FAE04EC0-301F-11D3-BF4B-00C04F79EFBC}") = "BrewLab.Common", "BrewLab.Common\BrewLab.Common.csproj", "{0533473C-A362-4E3B-AC0E-2EAF43F340EA}"
EndProject
Global
	GlobalSection(SolutionConfigurationPlatforms) = preSolution
		Debug|Any CPU = Debug|Any CPU
		Release|Any CPU = Release|Any CPU
	EndGlobalSection
	GlobalSection(ProjectConfigurationPlatforms) = postSolution
		{2DF2E3C5-6ACE-4EB3-8128-8EB90057C7DA}.Debug|Any CPU.ActiveCfg = Debug|Any CPU
		{2DF2E3C5-6ACE-4EB3-8128-8EB90057C7DA}.Debug|Any CPU.Build.0 = Debug|Any CPU
		{2DF2E3C5-6ACE-4EB3-8128-8EB90057C7DA}.Release|Any CPU.ActiveCfg = Release|Any CPU
		{2DF2E3C5-6ACE-4EB3-8128-8EB90057C7DA}.Release|Any CPU.Build.0 = Release|Any CPU
		{76335567-93E6-4834-A300-569F5F6853DF}.Debug|Any CPU.ActiveCfg = Debug|Any CPU
		{76335567-93E6-4834-A300-569F5F6853DF}.Debug|Any CPU.Build.0 = Debug|Any CPU
		{76335567-93E6-4834-A300-569F5F6853DF}.Release|Any CPU.ActiveCfg = Release|Any CPU
		{76335567-93E6-4834-A300-569F5F6853DF}.Release|Any CPU.Build.0 = Release|Any CPU
		{1AAE0527-6533-466E-8B7F-54842E132076}.Debug|Any CPU.ActiveCfg = Debug|Any CPU
		{1AAE0527-6533-466E-8B7F-54842E132076}.Debug|Any CPU.Build.0 = Debug|Any CPU
		{1AAE0527-6533-466E-8B7F-54842E132076}.Release|Any CPU.ActiveCfg = Release|Any CPU
		{1AAE0527-6533-466E-8B7F-54842E132076}.Release|Any CPU.Build.0 = Release|Any CPU
		{0533473C-A362-4E3B-AC0E-2EAF43F340EA}.Debug|Any CPU.ActiveCfg = Debug|Any CPU
		{0533473C-A362-4E3B-AC0E-2EAF43F340EA}.Debug|Any CPU.Build.0 = Debug|Any CPU
		{0533473C-A362-4E3B-AC0E-2EAF43F340EA}.Release|Any CPU.ActiveCfg = Release|Any CPU
		{0533473C-A362-4E3B-AC0E-2EAF43F340EA}.Release|Any CPU.Build.0 = Release|Any CPU
	EndGlobalSection
	GlobalSection(SolutionProperties) = preSolution
		HideSolutionNode = FALSE
	EndGlobalSection
	GlobalSection(ExtensibilityGlobals) = postSolution
		SolutionGuid = {E72D223B-541D-496D-99AE-3EDAA05F43BB}
	EndGlobalSection
EndGlobal
